
Microsoft Visual Studio Solution File, Format Version 12.00
# Visual Studio Version 17
VisualStudioVersion = 17.11.35222.181
MinimumVisualStudioVersion = 10.0.40219.1
Project("{888888A0-9F3D-457C-B088-3A5042F75D52}") = "1.Classifier Training - Random Forest", "1.Classifier Training - Random Forest.pyproj", "{BFC31E50-5F91-44F1-A4F3-E0689CB9BADA}"
EndProject
Global
	GlobalSection(SolutionConfigurationPlatforms) = preSolution
		Debug|Any CPU = Debug|Any CPU
		Release|Any CPU = Release|Any CPU
	EndGlobalSection
	GlobalSection(ProjectConfigurationPlatforms) = postSolution
		{BFC31E50-5F91-44F1-A4F3-E0689CB9BADA}.Debug|Any CPU.ActiveCfg = Debug|Any CPU
		{BFC31E50-5F91-44F1-A4F3-E0689CB9BADA}.Release|Any CPU.ActiveCfg = Release|Any CPU
	EndGlobalSection
	GlobalSection(SolutionProperties) = preSolution
		HideSolutionNode = FALSE
	EndGlobalSection
	GlobalSection(ExtensibilityGlobals) = postSolution
		SolutionGuid = {1254CAA3-DBD3-472D-8E08-9B9F5BD7416D}
	EndGlobalSection
EndGlobal
