
Microsoft Visual Studio Solution File, Format Version 12.00
# Visual Studio Version 17
VisualStudioVersion = 17.11.35222.181
MinimumVisualStudioVersion = 10.0.40219.1
Project("{888888A0-9F3D-457C-B088-3A5042F75D52}") = "2.Classifier Training - DeepConvLSTM", "2.Classifier Training - DeepConvLSTM.pyproj", "{7EFE1F9F-C8AF-4254-AEA0-0207A1B72004}"
EndProject
Global
	GlobalSection(SolutionConfigurationPlatforms) = preSolution
		Debug|Any CPU = Debug|Any CPU
		Release|Any CPU = Release|Any CPU
	EndGlobalSection
	GlobalSection(ProjectConfigurationPlatforms) = postSolution
		{7EFE1F9F-C8AF-4254-AEA0-0207A1B72004}.Debug|Any CPU.ActiveCfg = Debug|Any CPU
		{7EFE1F9F-C8AF-4254-AEA0-0207A1B72004}.Release|Any CPU.ActiveCfg = Release|Any CPU
	EndGlobalSection
	GlobalSection(SolutionProperties) = preSolution
		HideSolutionNode = FALSE
	EndGlobalSection
	GlobalSection(ExtensibilityGlobals) = postSolution
		SolutionGuid = {74C7C65E-F522-407F-963A-83E2124A761C}
	EndGlobalSection
EndGlobal
