
Microsoft Visual Studio Solution File, Format Version 12.00
# Visual Studio Version 17
VisualStudioVersion = 17.11.35222.181
MinimumVisualStudioVersion = 10.0.40219.1
Project("{888888A0-9F3D-457C-B088-3A5042F75D52}") = "复现", "复现.pyproj", "{BA65E3FF-AC40-458E-B8B4-1337054B572C}"
EndProject
Global
	GlobalSection(SolutionConfigurationPlatforms) = preSolution
		Debug|Any CPU = Debug|Any CPU
		Release|Any CPU = Release|Any CPU
	EndGlobalSection
	GlobalSection(ProjectConfigurationPlatforms) = postSolution
		{BA65E3FF-AC40-458E-B8B4-1337054B572C}.Debug|Any CPU.ActiveCfg = Debug|Any CPU
		{BA65E3FF-AC40-458E-B8B4-1337054B572C}.Release|Any CPU.ActiveCfg = Release|Any CPU
	EndGlobalSection
	GlobalSection(SolutionProperties) = preSolution
		HideSolutionNode = FALSE
	EndGlobalSection
	GlobalSection(ExtensibilityGlobals) = postSolution
		SolutionGuid = {64DA38C4-BF73-4753-B863-49F939BA6D7B}
	EndGlobalSection
EndGlobal
